// !$*UTF8*$!
{
	archiveVersion = 1;
	classes = {
	};
	objectVersion = 46;
	objects = {

/* Begin PBXBuildFile section */
		037FBBCB19F8A8E500EEC4BC /* AppDelegate.swift in Sources */ = {isa = PBXBuildFile; fileRef = 037FBBCA19F8A8E500EEC4BC /* AppDelegate.swift */; };
		037FBBCD19F8A8E500EEC4BC /* ViewController.swift in Sources */ = {isa = PBXBuildFile; fileRef = 037FBBCC19F8A8E500EEC4BC /* ViewController.swift */; };
		037FBBD019F8A8E500EEC4BC /* Main.storyboard in Resources */ = {isa = PBXBuildFile; fileRef = 037FBBCE19F8A8E500EEC4BC /* Main.storyboard */; };
		037FBBD219F8A8E500EEC4BC /* Images.xcassets in Resources */ = {isa = PBXBuildFile; fileRef = 037FBBD119F8A8E500EEC4BC /* Images.xcassets */; };
		037FBBD519F8A8E500EEC4BC /* LaunchScreen.xib in Resources */ = {isa = PBXBuildFile; fileRef = 037FBBD319F8A8E500EEC4BC /* LaunchScreen.xib */; };
		037FBBE119F8A8E500EEC4BC /* PostcacrdTests.swift in Sources */ = {isa = PBXBuildFile; fileRef = 037FBBE019F8A8E500EEC4BC /* PostcacrdTests.swift */; };
/* End PBXBuildFile section */

/* Begin PBXContainerItemProxy section */
		037FBBDB19F8A8E500EEC4BC /* PBXContainerItemProxy */ = {
			isa = PBXContainerItemProxy;
			containerPortal = 037FBBBD19F8A8E500EEC4BC /* Project object */;
			proxyType = 1;
			remoteGlobalIDString = 037FBBC419F8A8E500EEC4BC;
			remoteInfo = Postcacrd;
		};
/* End PBXContainerItemProxy section */

/* Begin PBXFileReference section */
		037FBBC519F8A8E500EEC4BC /* Postcacrd.app */ = {isa = PBXFileReference; explicitFileType = wrapper.application; includeInIndex = 0; path = Postcacrd.app; sourceTree = BUILT_PRODUCTS_DIR; };
		037FBBC919F8A8E500EEC4BC /* Info.plist */ = {isa = PBXFileReference; lastKnownFileType = text.plist.xml; path = Info.plist; sourceTree = "<group>"; };
		037FBBCA19F8A8E500EEC4BC /* AppDelegate.swift */ = {isa = PBXFileReference; lastKnownFileType = sourcecode.swift; path = AppDelegate.swift; sourceTree = "<group>"; };
		037FBBCC19F8A8E500EEC4BC /* ViewController.swift */ = {isa = PBXFileReference; lastKnownFileType = sourcecode.swift; path = ViewController.swift; sourceTree = "<group>"; };
		037FBBCF19F8A8E500EEC4BC /* Base */ = {isa = PBXFileReference; lastKnownFileType = file.storyboard; name = Base; path = Base.lproj/Main.storyboard; sourceTree = "<group>"; };
		037FBBD119F8A8E500EEC4BC /* Images.xcassets */ = {isa = PBXFileReference; lastKnownFileType = folder.assetcatalog; path = Images.xcassets; sourceTree = "<group>"; };
		037FBBD419F8A8E500EEC4BC /* Base */ = {isa = PBXFileReference; lastKnownFileType = file.xib; name = Base; path = Base.lproj/LaunchScreen.xib; sourceTree = "<group>"; };
		037FBBDA19F8A8E500EEC4BC /* PostcacrdTests.xctest */ = {isa = PBXFileReference; explicitFileType = wrapper.cfbundle; includeInIndex = 0; path = PostcacrdTests.xctest; sourceTree = BUILT_PRODUCTS_DIR; };
		037FBBDF19F8A8E500EEC4BC /* Info.plist */ = {isa = PBXFileReference; lastKnownFileType = text.plist.xml; path = Info.plist; sourceTree = "<group>"; };
		037FBBE019F8A8E500EEC4BC /* PostcacrdTests.swift */ = {isa = PBXFileReference; lastKnownFileType = sourcecode.swift; path = PostcacrdTests.swift; sourceTree = "<group>"; };
/* End PBXFileReference section */

/* Begin PBXFrameworksBuildPhase section */
		037FBBC219F8A8E500EEC4BC /* Frameworks */ = {
			isa = PBXFrameworksBuildPhase;
			buildActionMask = 2147483647;
			files = (
			);
			runOnlyForDeploymentPostprocessing = 0;
		};
		037FBBD719F8A8E500EEC4BC /* Frameworks */ = {
			isa = PBXFrameworksBuildPhase;
			buildActionMask = 2147483647;
			files = (
			);
			runOnlyForDeploymentPostprocessing = 0;
		};
/* End PBXFrameworksBuildPhase section */

/* Begin PBXGroup section */
		037FBBBC19F8A8E500EEC4BC = {
			isa = PBXGroup;
			children = (
				037FBBC719F8A8E500EEC4BC /* Postcacrd */,
				037FBBDD19F8A8E500EEC4BC /* PostcacrdTests */,
				037FBBC619F8A8E500EEC4BC /* Products */,
			);
			sourceTree = "<group>";
		};
		037FBBC619F8A8E500EEC4BC /* Products */ = {
			isa = PBXGroup;
			children = (
				037FBBC519F8A8E500EEC4BC /* Postcacrd.app */,
				037FBBDA19F8A8E500EEC4BC /* PostcacrdTests.xctest */,
			);
			name = Products;
			sourceTree = "<group>";
		};
		037FBBC719F8A8E500EEC4BC /* Postcacrd */ = {
			isa = PBXGroup;
			children = (
				037FBBCA19F8A8E500EEC4BC /* AppDelegate.swift */,
				037FBBCC19F8A8E500EEC4BC /* ViewController.swift */,
				037FBBCE19F8A8E500EEC4BC /* Main.storyboard */,
				037FBBD119F8A8E500EEC4BC /* Images.xcassets */,
				037FBBD319F8A8E500EEC4BC /* LaunchScreen.xib */,
				037FBBC819F8A8E500EEC4BC /* Supporting Files */,
			);
			path = Postcacrd;
			sourceTree = "<group>";
		};
		037FBBC819F8A8E500EEC4BC /* Supporting Files */ = {
			isa = PBXGroup;
			children = (
				037FBBC919F8A8E500EEC4BC /* Info.plist */,
			);
			name = "Supporting Files";
			sourceTree = "<group>";
		};
		037FBBDD19F8A8E500EEC4BC /* PostcacrdTests */ = {
			isa = PBXGroup;
			children = (
				037FBBE019F8A8E500EEC4BC /* PostcacrdTests.swift */,
				037FBBDE19F8A8E500EEC4BC /* Supporting Files */,
			);
			path = PostcacrdTests;
			sourceTree = "<group>";
		};
		037FBBDE19F8A8E500EEC4BC /* Supporting Files */ = {
			isa = PBXGroup;
			children = (
				037FBBDF19F8A8E500EEC4BC /* Info.plist */,
			);
			name = "Supporting Files";
			sourceTree = "<group>";
		};
/* End PBXGroup section */

/* Begin PBXNativeTarget section */
		037FBBC419F8A8E500EEC4BC /* Postcacrd */ = {
			isa = PBXNativeTarget;
			buildConfigurationList = 037FBBE419F8A8E500EEC4BC /* Build configuration list for PBXNativeTarget "Postcacrd" */;
			buildPhases = (
				037FBBC119F8A8E500EEC4BC /* Sources */,
				037FBBC219F8A8E500EEC4BC /* Frameworks */,
				037FBBC319F8A8E500EEC4BC /* Resources */,
			);
			buildRules = (
			);
			dependencies = (
			);
			name = Postcacrd;
			productName = Postcacrd;
			productReference = 037FBBC519F8A8E500EEC4BC /* Postcacrd.app */;
			productType = "com.apple.product-type.application";
		};
		037FBBD919F8A8E500EEC4BC /* PostcacrdTests */ = {
			isa = PBXNativeTarget;
			buildConfigurationList = 037FBBE719F8A8E500EEC4BC /* Build configuration list for PBXNativeTarget "PostcacrdTests" */;
			buildPhases = (
				037FBBD619F8A8E500EEC4BC /* Sources */,
				037FBBD719F8A8E500EEC4BC /* Frameworks */,
				037FBBD819F8A8E500EEC4BC /* Resources */,
			);
			buildRules = (
			);
			dependencies = (
				037FBBDC19F8A8E500EEC4BC /* PBXTargetDependency */,
			);
			name = PostcacrdTests;
			productName = PostcacrdTests;
			productReference = 037FBBDA19F8A8E500EEC4BC /* PostcacrdTests.xctest */;
			productType = "com.apple.product-type.bundle.unit-test";
		};
/* End PBXNativeTarget section */

/* Begin PBXProject section */
		037FBBBD19F8A8E500EEC4BC /* Project object */ = {
			isa = PBXProject;
			attributes = {
				LastUpgradeCheck = 0610;
				ORGANIZATIONNAME = "Josh Anon";
				TargetAttributes = {
					037FBBC419F8A8E500EEC4BC = {
						CreatedOnToolsVersion = 6.1;
					};
					037FBBD919F8A8E500EEC4BC = {
						CreatedOnToolsVersion = 6.1;
						TestTargetID = 037FBBC419F8A8E500EEC4BC;
					};
				};
			};
			buildConfigurationList = 037FBBC019F8A8E500EEC4BC /* Build configuration list for PBXProject "Postcacrd" */;
			compatibilityVersion = "Xcode 3.2";
			developmentRegion = English;
			hasScannedForEncodings = 0;
			knownRegions = (
				en,
				Base,
			);
			mainGroup = 037FBBBC19F8A8E500EEC4BC;
			productRefGroup = 037FBBC619F8A8E500EEC4BC /* Products */;
			projectDirPath = "";
			projectRoot = "";
			targets = (
				037FBBC419F8A8E500EEC4BC /* Postcacrd */,
				037FBBD919F8A8E500EEC4BC /* PostcacrdTests */,
			);
		};
/* End PBXProject section */

/* Begin PBXResourcesBuildPhase section */
		037FBBC319F8A8E500EEC4BC /* Resources */ = {
			isa = PBXResourcesBuildPhase;
			buildActionMask = 2147483647;
			files = (
				037FBBD019F8A8E500EEC4BC /* Main.storyboard in Resources */,
				037FBBD519F8A8E500EEC4BC /* LaunchScreen.xib in Resources */,
				037FBBD219F8A8E500EEC4BC /* Images.xcassets in Resources */,
			);
			runOnlyForDeploymentPostprocessing = 0;
		};
		037FBBD819F8A8E500EEC4BC /* Resources */ = {
			isa = PBXResourcesBuildPhase;
			buildActionMask = 2147483647;
			files = (
			);
			runOnlyForDeploymentPostprocessing = 0;
		};
/* End PBXResourcesBuildPhase section */

/* Begin PBXSourcesBuildPhase section */
		037FBBC119F8A8E500EEC4BC /* Sources */ = {
			isa = PBXSourcesBuildPhase;
			buildActionMask = 2147483647;
			files = (
				037FBBCD19F8A8E500EEC4BC /* ViewController.swift in Sources */,
				037FBBCB19F8A8E500EEC4BC /* AppDelegate.swift in Sources */,
			);
			runOnlyForDeploymentPostprocessing = 0;
		};
		037FBBD619F8A8E500EEC4BC /* Sources */ = {
			isa = PBXSourcesBuildPhase;
			buildActionMask = 2147483647;
			files = (
				037FBBE119F8A8E500EEC4BC /* PostcacrdTests.swift in Sources */,
			);
			runOnlyForDeploymentPostprocessing = 0;
		};
/* End PBXSourcesBuildPhase section */

/* Begin PBXTargetDependency section */
		037FBBDC19F8A8E500EEC4BC /* PBXTargetDependency */ = {
			isa = PBXTargetDependency;
			target = 037FBBC419F8A8E500EEC4BC /* Postcacrd */;
			targetProxy = 037FBBDB19F8A8E500EEC4BC /* PBXContainerItemProxy */;
		};
/* End PBXTargetDependency section */

/* Begin PBXVariantGroup section */
		037FBBCE19F8A8E500EEC4BC /* Main.storyboard */ = {
			isa = PBXVariantGroup;
			children = (
				037FBBCF19F8A8E500EEC4BC /* Base */,
			);
			name = Main.storyboard;
			sourceTree = "<group>";
		};
		037FBBD319F8A8E500EEC4BC /* LaunchScreen.xib */ = {
			isa = PBXVariantGroup;
			children = (
				037FBBD419F8A8E500EEC4BC /* Base */,
			);
			name = LaunchScreen.xib;
			sourceTree = "<group>";
		};
/* End PBXVariantGroup section */

/* Begin XCBuildConfiguration section */
		037FBBE219F8A8E500EEC4BC /* Debug */ = {
			isa = XCBuildConfiguration;
			buildSettings = {
				ALWAYS_SEARCH_USER_PATHS = NO;
				CLANG_CXX_LANGUAGE_STANDARD = "gnu++0x";
				CLANG_CXX_LIBRARY = "libc++";
				CLANG_ENABLE_MODULES = YES;
				CLANG_ENABLE_OBJC_ARC = YES;
				CLANG_WARN_BOOL_CONVERSION = YES;
				CLANG_WARN_CONSTANT_CONVERSION = YES;
				CLANG_WARN_DIRECT_OBJC_ISA_USAGE = YES_ERROR;
				CLANG_WARN_EMPTY_BODY = YES;
				CLANG_WARN_ENUM_CONVERSION = YES;
				CLANG_WARN_INT_CONVERSION = YES;
				CLANG_WARN_OBJC_ROOT_CLASS = YES_ERROR;
				CLANG_WARN_UNREACHABLE_CODE = YES;
				CLANG_WARN__DUPLICATE_METHOD_MATCH = YES;
				"CODE_SIGN_IDENTITY[sdk=iphoneos*]" = "iPhone Developer";
				COPY_PHASE_STRIP = NO;
				ENABLE_STRICT_OBJC_MSGSEND = YES;
				GCC_C_LANGUAGE_STANDARD = gnu99;
				GCC_DYNAMIC_NO_PIC = NO;
				GCC_OPTIMIZATION_LEVEL = 0;
				GCC_PREPROCESSOR_DEFINITIONS = (
					"DEBUG=1",
					"$(inherited)",
				);
				GCC_SYMBOLS_PRIVATE_EXTERN = NO;
				GCC_WARN_64_TO_32_BIT_CONVERSION = YES;
				GCC_WARN_ABOUT_RETURN_TYPE = YES_ERROR;
				GCC_WARN_UNDECLARED_SELECTOR = YES;
				GCC_WARN_UNINITIALIZED_AUTOS = YES_AGGRESSIVE;
				GCC_WARN_UNUSED_FUNCTION = YES;
				GCC_WARN_UNUSED_VARIABLE = YES;
				IPHONEOS_DEPLOYMENT_TARGET = 8.1;
				MTL_ENABLE_DEBUG_INFO = YES;
				ONLY_ACTIVE_ARCH = YES;
				SDKROOT = iphoneos;
				SWIFT_OPTIMIZATION_LEVEL = "-Onone";
				TARGETED_DEVICE_FAMILY = "1,2";
			};
			name = Debug;
		};
		037FBBE319F8A8E500EEC4BC /* Release */ = {
			isa = XCBuildConfiguration;
			buildSettings = {
				ALWAYS_SEARCH_USER_PATHS = NO;
				CLANG_CXX_LANGUAGE_STANDARD = "gnu++0x";
				CLANG_CXX_LIBRARY = "libc++";
				CLANG_ENABLE_MODULES = YES;
				CLANG_ENABLE_OBJC_ARC = YES;
				CLANG_WARN_BOOL_CONVERSION = YES;
				CLANG_WARN_CONSTANT_CONVERSION = YES;
				CLANG_WARN_DIRECT_OBJC_ISA_USAGE = YES_ERROR;
				CLANG_WARN_EMPTY_BODY = YES;
				CLANG_WARN_ENUM_CONVERSION = YES;
				CLANG_WARN_INT_CONVERSION = YES;
				CLANG_WARN_OBJC_ROOT_CLASS = YES_ERROR;
				CLANG_WARN_UNREACHABLE_CODE = YES;
				CLANG_WARN__DUPLICATE_METHOD_MATCH = YES;
				"CODE_SIGN_IDENTITY[sdk=iphoneos*]" = "iPhone Developer";
				COPY_PHASE_STRIP = YES;
				ENABLE_NS_ASSERTIONS = NO;
				ENABLE_STRICT_OBJC_MSGSEND = YES;
				GCC_C_LANGUAGE_STANDARD = gnu99;
				GCC_WARN_64_TO_32_BIT_CONVERSION = YES;
				GCC_WARN_ABOUT_RETURN_TYPE = YES_ERROR;
				GCC_WARN_UNDECLARED_SELECTOR = YES;
				GCC_WARN_UNINITIALIZED_AUTOS = YES_AGGRESSIVE;
				GCC_WARN_UNUSED_FUNCTION = YES;
				GCC_WARN_UNUSED_VARIABLE = YES;
				IPHONEOS_DEPLOYMENT_TARGET = 8.1;
				MTL_ENABLE_DEBUG_INFO = NO;
				SDKROOT = iphoneos;
				TARGETED_DEVICE_FAMILY = "1,2";
				VALIDATE_PRODUCT = YES;
			};
			name = Release;
		};
		037FBBE519F8A8E500EEC4BC /* Debug */ = {
			isa = XCBuildConfiguration;
			buildSettings = {
				ASSETCATALOG_COMPILER_APPICON_NAME = AppIcon;
				INFOPLIST_FILE = Postcacrd/Info.plist;
				LD_RUNPATH_SEARCH_PATHS = "$(inherited) @executable_path/Frameworks";
				PRODUCT_NAME = "$(TARGET_NAME)";
			};
			name = Debug;
		};
		037FBBE619F8A8E500EEC4BC /* Release */ = {
			isa = XCBuildConfiguration;
			buildSettings = {
				ASSETCATALOG_COMPILER_APPICON_NAME = AppIcon;
				INFOPLIST_FILE = Postcacrd/Info.plist;
				LD_RUNPATH_SEARCH_PATHS = "$(inherited) @executable_path/Frameworks";
				PRODUCT_NAME = "$(TARGET_NAME)";
			};
			name = Release;
		};
		037FBBE819F8A8E500EEC4BC /* Debug */ = {
			isa = XCBuildConfiguration;
			buildSettings = {
				BUNDLE_LOADER = "$(TEST_HOST)";
				FRAMEWORK_SEARCH_PATHS = (
					"$(SDKROOT)/Developer/Library/Frameworks",
					"$(inherited)",
				);
				GCC_PREPROCESSOR_DEFINITIONS = (
					"DEBUG=1",
					"$(inherited)",
				);
				INFOPLIST_FILE = PostcacrdTests/Info.plist;
				LD_RUNPATH_SEARCH_PATHS = "$(inherited) @executable_path/Frameworks @loader_path/Frameworks";
				PRODUCT_NAME = "$(TARGET_NAME)";
				TEST_HOST = "$(BUILT_PRODUCTS_DIR)/Postcacrd.app/Postcacrd";
			};
			name = Debug;
		};
		037FBBE919F8A8E500EEC4BC /* Release */ = {
			isa = XCBuildConfiguration;
			buildSettings = {
				BUNDLE_LOADER = "$(TEST_HOST)";
				FRAMEWORK_SEARCH_PATHS = (
					"$(SDKROOT)/Developer/Library/Frameworks",
					"$(inherited)",
				);
				INFOPLIST_FILE = PostcacrdTests/Info.plist;
				LD_RUNPATH_SEARCH_PATHS = "$(inherited) @executable_path/Frameworks @loader_path/Frameworks";
				PRODUCT_NAME = "$(TARGET_NAME)";
				TEST_HOST = "$(BUILT_PRODUCTS_DIR)/Postcacrd.app/Postcacrd";
			};
			name = Release;
		};
/* End XCBuildConfiguration section */

/* Begin XCConfigurationList section */
		037FBBC019F8A8E500EEC4BC /* Build configuration list for PBXProject "Postcacrd" */ = {
			isa = XCConfigurationList;
			buildConfigurations = (
				037FBBE219F8A8E500EEC4BC /* Debug */,
				037FBBE319F8A8E500EEC4BC /* Release */,
			);
			defaultConfigurationIsVisible = 0;
			defaultConfigurationName = Release;
		};
		037FBBE419F8A8E500EEC4BC /* Build configuration list for PBXNativeTarget "Postcacrd" */ = {
			isa = XCConfigurationList;
			buildConfigurations = (
				037FBBE519F8A8E500EEC4BC /* Debug */,
				037FBBE619F8A8E500EEC4BC /* Release */,
			);
			defaultConfigurationIsVisible = 0;
		};
		037FBBE719F8A8E500EEC4BC /* Build configuration list for PBXNativeTarget "PostcacrdTests" */ = {
			isa = XCConfigurationList;
			buildConfigurations = (
				037FBBE819F8A8E500EEC4BC /* Debug */,
				037FBBE919F8A8E500EEC4BC /* Release */,
			);
			defaultConfigurationIsVisible = 0;
		};
/* End XCConfigurationList section */
	};
	rootObject = 037FBBBD19F8A8E500EEC4BC /* Project object */;
}
